{
  "name": "lavsource-bilibili-server",
  "version": "1.0.0-dev",
  "lockfileVersion": 3,
  "requires": true,
  "packages": {
    "": {
      "name": "lavsource-bilibili-server",
      "version": "1.0.0-dev",
      "dependencies": {
        "axios": "^1.5.1",
        "element-plus": "^2.3.14",
        "pinia": "^2.1.6",
        "vant": "^4.7.2",
        "vue": "^3.3.4",
        "vue-router": "^4.2.4"
      },
      "devDependencies": {
        "@vant/auto-import-resolver": "^1.0.2",
        "@vitejs/plugin-vue": "^4.3.4",
        "sass": "^1.68.0",
        "sass-loader": "^13.3.2",
        "unplugin-vue-components": "^0.25.2",
        "vite": "^4.4.9"
      }
    },
    "node_modules/@antfu/utils": {
      "version": "0.7.6",
      "dev": true,
      "license": "MIT",
      "funding": {
        "url": "https://github.com/sponsors/antfu"
      }
    },
    "node_modules/@babel/parser": {
      "version": "7.23.0",
      "license": "MIT",
      "bin": {
        "parser": "bin/babel-parser.js"
      },
      "engines": {
        "node": ">=6.0.0"
      }
    },
    "node_modules/@ctrl/tinycolor": {
      "version": "3.6.1",
      "license": "MIT",
      "engines": {
        "node": ">=10"
      }
    },
    "node_modules/@element-plus/icons-vue": {
      "version": "2.1.0",
      "license": "MIT",
      "peerDependencies": {
        "vue": "^3.2.0"
      }
    },
    "node_modules/@esbuild/win32-x64": {
      "version": "0.18.20",
      "cpu": [
        "x64"
      ],
      "dev": true,
      "license": "MIT",
      "optional": true,
      "os": [
        "win32"
      ],
      "engines": {
        "node": ">=12"
      }
    },
    "node_modules/@floating-ui/core": {
      "version": "1.5.0",
      "license": "MIT",
      "dependencies": {
        "@floating-ui/utils": "^0.1.3"
      }
    },
    "node_modules/@floating-ui/dom": {
      "version": "1.5.3",
      "license": "MIT",
      "dependencies": {
        "@floating-ui/core": "^1.4.2",
        "@floating-ui/utils": "^0.1.3"
      }
    },
    "node_modules/@floating-ui/utils": {
      "version": "0.1.6",
      "license": "MIT"
    },
    "node_modules/@jridgewell/gen-mapping": {
      "version": "0.3.3",
      "dev": true,
      "license": "MIT",
      "peer": true,
      "dependencies": {
        "@jridgewell/set-array": "^1.0.1",
        "@jridgewell/sourcemap-codec": "^1.4.10",
        "@jridgewell/trace-mapping": "^0.3.9"
      },
      "engines": {
        "node": ">=6.0.0"
      }
    },
    "node_modules/@jridgewell/resolve-uri": {
      "version": "3.1.1",
      "dev": true,
      "license": "MIT",
      "peer": true,
      "engines": {
        "node": ">=6.0.0"
      }
    },
    "node_modules/@jridgewell/set-array": {
      "version": "1.1.2",
      "dev": true,
      "license": "MIT",
      "peer": true,
      "engines": {
        "node": ">=6.0.0"
      }
    },
    "node_modules/@jridgewell/source-map": {
      "version": "0.3.5",
      "dev": true,
      "license": "MIT",
      "peer": true,
      "dependencies": {
        "@jridgewell/gen-mapping": "^0.3.0",
        "@jridgewell/trace-mapping": "^0.3.9"
      }
    },
    "node_modules/@jridgewell/sourcemap-codec": {
      "version": "1.4.15",
      "license": "MIT"
    },
    "node_modules/@jridgewell/trace-mapping": {
      "version": "0.3.19",
      "dev": true,
      "license": "MIT",
      "peer": true,
      "dependencies": {
        "@jridgewell/resolve-uri": "^3.1.0",
        "@jridgewell/sourcemap-codec": "^1.4.14"
      }
    },
    "node_modules/@nodelib/fs.scandir": {
      "version": "2.1.5",
      "dev": true,
      "license": "MIT",
      "dependencies": {
        "@nodelib/fs.stat": "2.0.5",
        "run-parallel": "^1.1.9"
      },
      "engines": {
        "node": ">= 8"
      }
    },
    "node_modules/@nodelib/fs.stat": {
      "version": "2.0.5",
      "dev": true,
      "license": "MIT",
      "engines": {
        "node": ">= 8"
      }
    },
    "node_modules/@nodelib/fs.walk": {
      "version": "1.2.8",
      "dev": true,
      "license": "MIT",
      "dependencies": {
        "@nodelib/fs.scandir": "2.1.5",
        "fastq": "^1.6.0"
      },
      "engines": {
        "node": ">= 8"
      }
    },
    "node_modules/@popperjs/core": {
      "name": "@sxzz/popperjs-es",
      "version": "2.11.7",
      "license": "MIT",
      "funding": {
        "type": "opencollective",
        "url": "https://opencollective.com/popperjs"
      }
    },
    "node_modules/@rollup/pluginutils": {
      "version": "5.0.5",
      "dev": true,
      "license": "MIT",
      "dependencies": {
        "@types/estree": "^1.0.0",
        "estree-walker": "^2.0.2",
        "picomatch": "^2.3.1"
      },
      "engines": {
        "node": ">=14.0.0"
      },
      "peerDependencies": {
        "rollup": "^1.20.0||^2.0.0||^3.0.0||^4.0.0"
      },
      "peerDependenciesMeta": {
        "rollup": {
          "optional": true
        }
      }
    },
    "node_modules/@types/eslint": {
      "version": "8.44.3",
      "dev": true,
      "license": "MIT",
      "peer": true,
      "dependencies": {
        "@types/estree": "*",
        "@types/json-schema": "*"
      }
    },
    "node_modules/@types/eslint-scope": {
      "version": "3.7.5",
      "dev": true,
      "license": "MIT",
      "peer": true,
      "dependencies": {
        "@types/eslint": "*",
        "@types/estree": "*"
      }
    },
    "node_modules/@types/estree": {
      "version": "1.0.2",
      "dev": true,
      "license": "MIT"
    },
    "node_modules/@types/json-schema": {
      "version": "7.0.13",
      "dev": true,
      "license": "MIT",
      "peer": true
    },
    "node_modules/@types/lodash": {
      "version": "4.14.199",
      "license": "MIT"
    },
    "node_modules/@types/lodash-es": {
      "version": "4.17.9",
      "license": "MIT",
      "dependencies": {
        "@types/lodash": "*"
      }
    },
    "node_modules/@types/node": {
      "version": "20.8.2",
      "dev": true,
      "license": "MIT",
      "peer": true
    },
    "node_modules/@types/web-bluetooth": {
      "version": "0.0.16",
      "license": "MIT"
    },
    "node_modules/@vant/auto-import-resolver": {
      "version": "1.0.2",
      "dev": true,
      "license": "MIT"
    },
    "node_modules/@vant/popperjs": {
      "version": "1.3.0",
      "license": "MIT"
    },
    "node_modules/@vant/use": {
      "version": "1.6.0",
      "license": "MIT",
      "peerDependencies": {
        "vue": "^3.0.0"
      }
    },
    "node_modules/@vitejs/plugin-vue": {
      "version": "4.4.0",
      "dev": true,
      "license": "MIT",
      "engines": {
        "node": "^14.18.0 || >=16.0.0"
      },
      "peerDependencies": {
        "vite": "^4.0.0",
        "vue": "^3.2.25"
      }
    },
    "node_modules/@vue/compiler-core": {
      "version": "3.3.4",
      "license": "MIT",
      "dependencies": {
        "@babel/parser": "^7.21.3",
        "@vue/shared": "3.3.4",
        "estree-walker": "^2.0.2",
        "source-map-js": "^1.0.2"
      }
    },
    "node_modules/@vue/compiler-dom": {
      "version": "3.3.4",
      "license": "MIT",
      "dependencies": {
        "@vue/compiler-core": "3.3.4",
        "@vue/shared": "3.3.4"
      }
    },
    "node_modules/@vue/compiler-sfc": {
      "version": "3.3.4",
      "license": "MIT",
      "dependencies": {
        "@babel/parser": "^7.20.15",
        "@vue/compiler-core": "3.3.4",
        "@vue/compiler-dom": "3.3.4",
        "@vue/compiler-ssr": "3.3.4",
        "@vue/reactivity-transform": "3.3.4",
        "@vue/shared": "3.3.4",
        "estree-walker": "^2.0.2",
        "magic-string": "^0.30.0",
        "postcss": "^8.1.10",
        "source-map-js": "^1.0.2"
      }
    },
    "node_modules/@vue/compiler-ssr": {
      "version": "3.3.4",
      "license": "MIT",
      "dependencies": {
        "@vue/compiler-dom": "3.3.4",
        "@vue/shared": "3.3.4"
      }
    },
    "node_modules/@vue/devtools-api": {
      "version": "6.5.0",
      "license": "MIT"
    },
    "node_modules/@vue/reactivity": {
      "version": "3.3.4",
      "license": "MIT",
      "dependencies": {
        "@vue/shared": "3.3.4"
      }
    },
    "node_modules/@vue/reactivity-transform": {
      "version": "3.3.4",
      "license": "MIT",
      "dependencies": {
        "@babel/parser": "^7.20.15",
        "@vue/compiler-core": "3.3.4",
        "@vue/shared": "3.3.4",
        "estree-walker": "^2.0.2",
        "magic-string": "^0.30.0"
      }
    },
    "node_modules/@vue/runtime-core": {
      "version": "3.3.4",
      "license": "MIT",
      "dependencies": {
        "@vue/reactivity": "3.3.4",
        "@vue/shared": "3.3.4"
      }
    },
    "node_modules/@vue/runtime-dom": {
      "version": "3.3.4",
      "license": "MIT",
      "dependencies": {
        "@vue/runtime-core": "3.3.4",
        "@vue/shared": "3.3.4",
        "csstype": "^3.1.1"
      }
    },
    "node_modules/@vue/server-renderer": {
      "version": "3.3.4",
      "license": "MIT",
      "dependencies": {
        "@vue/compiler-ssr": "3.3.4",
        "@vue/shared": "3.3.4"
      },
      "peerDependencies": {
        "vue": "3.3.4"
      }
    },
    "node_modules/@vue/shared": {
      "version": "3.3.4",
      "license": "MIT"
    },
    "node_modules/@vueuse/core": {
      "version": "9.13.0",
      "license": "MIT",
      "dependencies": {
        "@types/web-bluetooth": "^0.0.16",
        "@vueuse/metadata": "9.13.0",
        "@vueuse/shared": "9.13.0",
        "vue-demi": "*"
      },
      "funding": {
        "url": "https://github.com/sponsors/antfu"
      }
    },
    "node_modules/@vueuse/core/node_modules/vue-demi": {
      "version": "0.14.6",
      "hasInstallScript": true,
      "license": "MIT",
      "bin": {
        "vue-demi-fix": "bin/vue-demi-fix.js",
        "vue-demi-switch": "bin/vue-demi-switch.js"
      },
      "engines": {
        "node": ">=12"
      },
      "funding": {
        "url": "https://github.com/sponsors/antfu"
      },
      "peerDependencies": {
        "@vue/composition-api": "^1.0.0-rc.1",
        "vue": "^3.0.0-0 || ^2.6.0"
      },
      "peerDependenciesMeta": {
        "@vue/composition-api": {
          "optional": true
        }
      }
    },
    "node_modules/@vueuse/metadata": {
      "version": "9.13.0",
      "license": "MIT",
      "funding": {
        "url": "https://github.com/sponsors/antfu"
      }
    },
    "node_modules/@vueuse/shared": {
      "version": "9.13.0",
      "license": "MIT",
      "dependencies": {
        "vue-demi": "*"
      },
      "funding": {
        "url": "https://github.com/sponsors/antfu"
      }
    },
    "node_modules/@vueuse/shared/node_modules/vue-demi": {
      "version": "0.14.6",
      "hasInstallScript": true,
      "license": "MIT",
      "bin": {
        "vue-demi-fix": "bin/vue-demi-fix.js",
        "vue-demi-switch": "bin/vue-demi-switch.js"
      },
      "engines": {
        "node": ">=12"
      },
      "funding": {
        "url": "https://github.com/sponsors/antfu"
      },
      "peerDependencies": {
        "@vue/composition-api": "^1.0.0-rc.1",
        "vue": "^3.0.0-0 || ^2.6.0"
      },
      "peerDependenciesMeta": {
        "@vue/composition-api": {
          "optional": true
        }
      }
    },
    "node_modules/@webassemblyjs/ast": {
      "version": "1.11.6",
      "dev": true,
      "license": "MIT",
      "peer": true,
      "dependencies": {
        "@webassemblyjs/helper-numbers": "1.11.6",
        "@webassemblyjs/helper-wasm-bytecode": "1.11.6"
      }
    },
    "node_modules/@webassemblyjs/floating-point-hex-parser": {
      "version": "1.11.6",
      "dev": true,
      "license": "MIT",
      "peer": true
    },
    "node_modules/@webassemblyjs/helper-api-error": {
      "version": "1.11.6",
      "dev": true,
      "license": "MIT",
      "peer": true
    },
    "node_modules/@webassemblyjs/helper-buffer": {
      "version": "1.11.6",
      "dev": true,
      "license": "MIT",
      "peer": true
    },
    "node_modules/@webassemblyjs/helper-numbers": {
      "version": "1.11.6",
      "dev": true,
      "license": "MIT",
      "peer": true,
      "dependencies": {
        "@webassemblyjs/floating-point-hex-parser": "1.11.6",
        "@webassemblyjs/helper-api-error": "1.11.6",
        "@xtuc/long": "4.2.2"
      }
    },
    "node_modules/@webassemblyjs/helper-wasm-bytecode": {
      "version": "1.11.6",
      "dev": true,
      "license": "MIT",
      "peer": true
    },
    "node_modules/@webassemblyjs/helper-wasm-section": {
      "version": "1.11.6",
      "dev": true,
      "license": "MIT",
      "peer": true,
      "dependencies": {
        "@webassemblyjs/ast": "1.11.6",
        "@webassemblyjs/helper-buffer": "1.11.6",
        "@webassemblyjs/helper-wasm-bytecode": "1.11.6",
        "@webassemblyjs/wasm-gen": "1.11.6"
      }
    },
    "node_modules/@webassemblyjs/ieee754": {
      "version": "1.11.6",
      "dev": true,
      "license": "MIT",
      "peer": true,
      "dependencies": {
        "@xtuc/ieee754": "^1.2.0"
      }
    },
    "node_modules/@webassemblyjs/leb128": {
      "version": "1.11.6",
      "dev": true,
      "license": "Apache-2.0",
      "peer": true,
      "dependencies": {
        "@xtuc/long": "4.2.2"
      }
    },
    "node_modules/@webassemblyjs/utf8": {
      "version": "1.11.6",
      "dev": true,
      "license": "MIT",
      "peer": true
    },
    "node_modules/@webassemblyjs/wasm-edit": {
      "version": "1.11.6",
      "dev": true,
      "license": "MIT",
      "peer": true,
      "dependencies": {
        "@webassemblyjs/ast": "1.11.6",
        "@webassemblyjs/helper-buffer": "1.11.6",
        "@webassemblyjs/helper-wasm-bytecode": "1.11.6",
        "@webassemblyjs/helper-wasm-section": "1.11.6",
        "@webassemblyjs/wasm-gen": "1.11.6",
        "@webassemblyjs/wasm-opt": "1.11.6",
        "@webassemblyjs/wasm-parser": "1.11.6",
        "@webassemblyjs/wast-printer": "1.11.6"
      }
    },
    "node_modules/@webassemblyjs/wasm-gen": {
      "version": "1.11.6",
      "dev": true,
      "license": "MIT",
      "peer": true,
      "dependencies": {
        "@webassemblyjs/ast": "1.11.6",
        "@webassemblyjs/helper-wasm-bytecode": "1.11.6",
        "@webassemblyjs/ieee754": "1.11.6",
        "@webassemblyjs/leb128": "1.11.6",
        "@webassemblyjs/utf8": "1.11.6"
      }
    },
    "node_modules/@webassemblyjs/wasm-opt": {
      "version": "1.11.6",
      "dev": true,
      "license": "MIT",
      "peer": true,
      "dependencies": {
        "@webassemblyjs/ast": "1.11.6",
        "@webassemblyjs/helper-buffer": "1.11.6",
        "@webassemblyjs/wasm-gen": "1.11.6",
        "@webassemblyjs/wasm-parser": "1.11.6"
      }
    },
    "node_modules/@webassemblyjs/wasm-parser": {
      "version": "1.11.6",
      "dev": true,
      "license": "MIT",
      "peer": true,
      "dependencies": {
        "@webassemblyjs/ast": "1.11.6",
        "@webassemblyjs/helper-api-error": "1.11.6",
        "@webassemblyjs/helper-wasm-bytecode": "1.11.6",
        "@webassemblyjs/ieee754": "1.11.6",
        "@webassemblyjs/leb128": "1.11.6",
        "@webassemblyjs/utf8": "1.11.6"
      }
    },
    "node_modules/@webassemblyjs/wast-printer": {
      "version": "1.11.6",
      "dev": true,
      "license": "MIT",
      "peer": true,
      "dependencies": {
        "@webassemblyjs/ast": "1.11.6",
        "@xtuc/long": "4.2.2"
      }
    },
    "node_modules/@xtuc/ieee754": {
      "version": "1.2.0",
      "dev": true,
      "license": "BSD-3-Clause",
      "peer": true
    },
    "node_modules/@xtuc/long": {
      "version": "4.2.2",
      "dev": true,
      "license": "Apache-2.0",
      "peer": true
    },
    "node_modules/acorn": {
      "version": "8.10.0",
      "dev": true,
      "license": "MIT",
      "bin": {
        "acorn": "bin/acorn"
      },
      "engines": {
        "node": ">=0.4.0"
      }
    },
    "node_modules/acorn-import-assertions": {
      "version": "1.9.0",
      "dev": true,
      "license": "MIT",
      "peer": true,
      "peerDependencies": {
        "acorn": "^8"
      }
    },
    "node_modules/ajv": {
      "version": "6.12.6",
      "dev": true,
      "license": "MIT",
      "peer": true,
      "dependencies": {
        "fast-deep-equal": "^3.1.1",
        "fast-json-stable-stringify": "^2.0.0",
        "json-schema-traverse": "^0.4.1",
        "uri-js": "^4.2.2"
      },
      "funding": {
        "type": "github",
        "url": "https://github.com/sponsors/epoberezkin"
      }
    },
    "node_modules/ajv-keywords": {
      "version": "3.5.2",
      "dev": true,
      "license": "MIT",
      "peer": true,
      "peerDependencies": {
        "ajv": "^6.9.1"
      }
    },
    "node_modules/anymatch": {
      "version": "3.1.3",
      "dev": true,
      "license": "ISC",
      "dependencies": {
        "normalize-path": "^3.0.0",
        "picomatch": "^2.0.4"
      },
      "engines": {
        "node": ">= 8"
      }
    },
    "node_modules/async-validator": {
      "version": "4.2.5",
      "license": "MIT"
    },
    "node_modules/asynckit": {
      "version": "0.4.0",
      "license": "MIT"
    },
    "node_modules/axios": {
      "version": "1.5.1",
      "license": "MIT",
      "dependencies": {
        "follow-redirects": "^1.15.0",
        "form-data": "^4.0.0",
        "proxy-from-env": "^1.1.0"
      }
    },
    "node_modules/balanced-match": {
      "version": "1.0.2",
      "dev": true,
      "license": "MIT"
    },
    "node_modules/binary-extensions": {
      "version": "2.2.0",
      "dev": true,
      "license": "MIT",
      "engines": {
        "node": ">=8"
      }
    },
    "node_modules/brace-expansion": {
      "version": "2.0.1",
      "dev": true,
      "license": "MIT",
      "dependencies": {
        "balanced-match": "^1.0.0"
      }
    },
    "node_modules/braces": {
      "version": "3.0.2",
      "dev": true,
      "license": "MIT",
      "dependencies": {
        "fill-range": "^7.0.1"
      },
      "engines": {
        "node": ">=8"
      }
    },
    "node_modules/browserslist": {
      "version": "4.22.1",
      "dev": true,
      "funding": [
        {
          "type": "opencollective",
          "url": "https://opencollective.com/browserslist"
        },
        {
          "type": "tidelift",
          "url": "https://tidelift.com/funding/github/npm/browserslist"
        },
        {
          "type": "github",
          "url": "https://github.com/sponsors/ai"
        }
      ],
      "license": "MIT",
      "peer": true,
      "dependencies": {
        "caniuse-lite": "^1.0.30001541",
        "electron-to-chromium": "^1.4.535",
        "node-releases": "^2.0.13",
        "update-browserslist-db": "^1.0.13"
      },
      "bin": {
        "browserslist": "cli.js"
      },
      "engines": {
        "node": "^6 || ^7 || ^8 || ^9 || ^10 || ^11 || ^12 || >=13.7"
      }
    },
    "node_modules/buffer-from": {
      "version": "1.1.2",
      "dev": true,
      "license": "MIT",
      "peer": true
    },
    "node_modules/caniuse-lite": {
      "version": "1.0.30001543",
      "dev": true,
      "funding": [
        {
          "type": "opencollective",
          "url": "https://opencollective.com/browserslist"
        },
        {
          "type": "tidelift",
          "url": "https://tidelift.com/funding/github/npm/caniuse-lite"
        },
        {
          "type": "github",
          "url": "https://github.com/sponsors/ai"
        }
      ],
      "license": "CC-BY-4.0",
      "peer": true
    },
    "node_modules/chokidar": {
      "version": "3.5.3",
      "dev": true,
      "funding": [
        {
          "type": "individual",
          "url": "https://paulmillr.com/funding/"
        }
      ],
      "license": "MIT",
      "dependencies": {
        "anymatch": "~3.1.2",
        "braces": "~3.0.2",
        "glob-parent": "~5.1.2",
        "is-binary-path": "~2.1.0",
        "is-glob": "~4.0.1",
        "normalize-path": "~3.0.0",
        "readdirp": "~3.6.0"
      },
      "engines": {
        "node": ">= 8.10.0"
      },
      "optionalDependencies": {
        "fsevents": "~2.3.2"
      }
    },
    "node_modules/chrome-trace-event": {
      "version": "1.0.3",
      "dev": true,
      "license": "MIT",
      "peer": true,
      "engines": {
        "node": ">=6.0"
      }
    },
    "node_modules/combined-stream": {
      "version": "1.0.8",
      "license": "MIT",
      "dependencies": {
        "delayed-stream": "~1.0.0"
      },
      "engines": {
        "node": ">= 0.8"
      }
    },
    "node_modules/commander": {
      "version": "2.20.3",
      "dev": true,
      "license": "MIT",
      "peer": true
    },
    "node_modules/csstype": {
      "version": "3.1.2",
      "license": "MIT"
    },
    "node_modules/dayjs": {
      "version": "1.11.10",
      "license": "MIT"
    },
    "node_modules/debug": {
      "version": "4.3.4",
      "dev": true,
      "license": "MIT",
      "dependencies": {
        "ms": "2.1.2"
      },
      "engines": {
        "node": ">=6.0"
      },
      "peerDependenciesMeta": {
        "supports-color": {
          "optional": true
        }
      }
    },
    "node_modules/delayed-stream": {
      "version": "1.0.0",
      "license": "MIT",
      "engines": {
        "node": ">=0.4.0"
      }
    },
    "node_modules/electron-to-chromium": {
      "version": "1.4.540",
      "dev": true,
      "license": "ISC",
      "peer": true
    },
    "node_modules/element-plus": {
      "version": "2.3.14",
      "license": "MIT",
      "dependencies": {
        "@ctrl/tinycolor": "^3.4.1",
        "@element-plus/icons-vue": "^2.0.6",
        "@floating-ui/dom": "^1.0.1",
        "@popperjs/core": "npm:@sxzz/popperjs-es@^2.11.7",
        "@types/lodash": "^4.14.182",
        "@types/lodash-es": "^4.17.6",
        "@vueuse/core": "^9.1.0",
        "async-validator": "^4.2.5",
        "dayjs": "^1.11.3",
        "escape-html": "^1.0.3",
        "lodash": "^4.17.21",
        "lodash-es": "^4.17.21",
        "lodash-unified": "^1.0.2",
        "memoize-one": "^6.0.0",
        "normalize-wheel-es": "^1.2.0"
      },
      "peerDependencies": {
        "vue": "^3.2.0"
      }
    },
    "node_modules/enhanced-resolve": {
      "version": "5.15.0",
      "dev": true,
      "license": "MIT",
      "peer": true,
      "dependencies": {
        "graceful-fs": "^4.2.4",
        "tapable": "^2.2.0"
      },
      "engines": {
        "node": ">=10.13.0"
      }
    },
    "node_modules/es-module-lexer": {
      "version": "1.3.1",
      "dev": true,
      "license": "MIT",
      "peer": true
    },
    "node_modules/esbuild": {
      "version": "0.18.20",
      "dev": true,
      "hasInstallScript": true,
      "license": "MIT",
      "bin": {
        "esbuild": "bin/esbuild"
      },
      "engines": {
        "node": ">=12"
      },
      "optionalDependencies": {
        "@esbuild/android-arm": "0.18.20",
        "@esbuild/android-arm64": "0.18.20",
        "@esbuild/android-x64": "0.18.20",
        "@esbuild/darwin-arm64": "0.18.20",
        "@esbuild/darwin-x64": "0.18.20",
        "@esbuild/freebsd-arm64": "0.18.20",
        "@esbuild/freebsd-x64": "0.18.20",
        "@esbuild/linux-arm": "0.18.20",
        "@esbuild/linux-arm64": "0.18.20",
        "@esbuild/linux-ia32": "0.18.20",
        "@esbuild/linux-loong64": "0.18.20",
        "@esbuild/linux-mips64el": "0.18.20",
        "@esbuild/linux-ppc64": "0.18.20",
        "@esbuild/linux-riscv64": "0.18.20",
        "@esbuild/linux-s390x": "0.18.20",
        "@esbuild/linux-x64": "0.18.20",
        "@esbuild/netbsd-x64": "0.18.20",
        "@esbuild/openbsd-x64": "0.18.20",
        "@esbuild/sunos-x64": "0.18.20",
        "@esbuild/win32-arm64": "0.18.20",
        "@esbuild/win32-ia32": "0.18.20",
        "@esbuild/win32-x64": "0.18.20"
      }
    },
    "node_modules/escalade": {
      "version": "3.1.1",
      "dev": true,
      "license": "MIT",
      "peer": true,
      "engines": {
        "node": ">=6"
      }
    },
    "node_modules/escape-html": {
      "version": "1.0.3",
      "license": "MIT"
    },
    "node_modules/eslint-scope": {
      "version": "5.1.1",
      "dev": true,
      "license": "BSD-2-Clause",
      "peer": true,
      "dependencies": {
        "esrecurse": "^4.3.0",
        "estraverse": "^4.1.1"
      },
      "engines": {
        "node": ">=8.0.0"
      }
    },
    "node_modules/esrecurse": {
      "version": "4.3.0",
      "dev": true,
      "license": "BSD-2-Clause",
      "peer": true,
      "dependencies": {
        "estraverse": "^5.2.0"
      },
      "engines": {
        "node": ">=4.0"
      }
    },
    "node_modules/esrecurse/node_modules/estraverse": {
      "version": "5.3.0",
      "dev": true,
      "license": "BSD-2-Clause",
      "peer": true,
      "engines": {
        "node": ">=4.0"
      }
    },
    "node_modules/estraverse": {
      "version": "4.3.0",
      "dev": true,
      "license": "BSD-2-Clause",
      "peer": true,
      "engines": {
        "node": ">=4.0"
      }
    },
    "node_modules/estree-walker": {
      "version": "2.0.2",
      "license": "MIT"
    },
    "node_modules/events": {
      "version": "3.3.0",
      "dev": true,
      "license": "MIT",
      "peer": true,
      "engines": {
        "node": ">=0.8.x"
      }
    },
    "node_modules/fast-deep-equal": {
      "version": "3.1.3",
      "dev": true,
      "license": "MIT",
      "peer": true
    },
    "node_modules/fast-glob": {
      "version": "3.3.1",
      "dev": true,
      "license": "MIT",
      "dependencies": {
        "@nodelib/fs.stat": "^2.0.2",
        "@nodelib/fs.walk": "^1.2.3",
        "glob-parent": "^5.1.2",
        "merge2": "^1.3.0",
        "micromatch": "^4.0.4"
      },
      "engines": {
        "node": ">=8.6.0"
      }
    },
    "node_modules/fast-json-stable-stringify": {
      "version": "2.1.0",
      "dev": true,
      "license": "MIT",
      "peer": true
    },
    "node_modules/fastq": {
      "version": "1.15.0",
      "dev": true,
      "license": "ISC",
      "dependencies": {
        "reusify": "^1.0.4"
      }
    },
    "node_modules/fill-range": {
      "version": "7.0.1",
      "dev": true,
      "license": "MIT",
      "dependencies": {
        "to-regex-range": "^5.0.1"
      },
      "engines": {
        "node": ">=8"
      }
    },
    "node_modules/follow-redirects": {
      "version": "1.15.3",
      "funding": [
        {
          "type": "individual",
          "url": "https://github.com/sponsors/RubenVerborgh"
        }
      ],
      "license": "MIT",
      "engines": {
        "node": ">=4.0"
      },
      "peerDependenciesMeta": {
        "debug": {
          "optional": true
        }
      }
    },
    "node_modules/form-data": {
      "version": "4.0.0",
      "license": "MIT",
      "dependencies": {
        "asynckit": "^0.4.0",
        "combined-stream": "^1.0.8",
        "mime-types": "^2.1.12"
      },
      "engines": {
        "node": ">= 6"
      }
    },
    "node_modules/function-bind": {
      "version": "1.1.2",
      "dev": true,
      "license": "MIT",
      "funding": {
        "url": "https://github.com/sponsors/ljharb"
      }
    },
    "node_modules/glob-parent": {
      "version": "5.1.2",
      "dev": true,
      "license": "ISC",
      "dependencies": {
        "is-glob": "^4.0.1"
      },
      "engines": {
        "node": ">= 6"
      }
    },
    "node_modules/glob-to-regexp": {
      "version": "0.4.1",
      "dev": true,
      "license": "BSD-2-Clause",
      "peer": true
    },
    "node_modules/graceful-fs": {
      "version": "4.2.11",
      "dev": true,
      "license": "ISC",
      "peer": true
    },
    "node_modules/has-flag": {
      "version": "4.0.0",
      "dev": true,
      "license": "MIT",
      "peer": true,
      "engines": {
        "node": ">=8"
      }
    },
    "node_modules/hasown": {
      "version": "2.0.0",
      "dev": true,
      "license": "MIT",
      "dependencies": {
        "function-bind": "^1.1.2"
      },
      "engines": {
        "node": ">= 0.4"
      }
    },
    "node_modules/immutable": {
      "version": "4.3.4",
      "dev": true,
      "license": "MIT"
    },
    "node_modules/is-binary-path": {
      "version": "2.1.0",
      "dev": true,
      "license": "MIT",
      "dependencies": {
        "binary-extensions": "^2.0.0"
      },
      "engines": {
        "node": ">=8"
      }
    },
    "node_modules/is-core-module": {
      "version": "2.13.1",
      "dev": true,
      "license": "MIT",
      "dependencies": {
        "hasown": "^2.0.0"
      },
      "funding": {
        "url": "https://github.com/sponsors/ljharb"
      }
    },
    "node_modules/is-extglob": {
      "version": "2.1.1",
      "dev": true,
      "license": "MIT",
      "engines": {
        "node": ">=0.10.0"
      }
    },
    "node_modules/is-glob": {
      "version": "4.0.3",
      "dev": true,
      "license": "MIT",
      "dependencies": {
        "is-extglob": "^2.1.1"
      },
      "engines": {
        "node": ">=0.10.0"
      }
    },
    "node_modules/is-number": {
      "version": "7.0.0",
      "dev": true,
      "license": "MIT",
      "engines": {
        "node": ">=0.12.0"
      }
    },
    "node_modules/jest-worker": {
      "version": "27.5.1",
      "dev": true,
      "license": "MIT",
      "peer": true,
      "dependencies": {
        "@types/node": "*",
        "merge-stream": "^2.0.0",
        "supports-color": "^8.0.0"
      },
      "engines": {
        "node": ">= 10.13.0"
      }
    },
    "node_modules/json-parse-even-better-errors": {
      "version": "2.3.1",
      "dev": true,
      "license": "MIT",
      "peer": true
    },
    "node_modules/json-schema-traverse": {
      "version": "0.4.1",
      "dev": true,
      "license": "MIT",
      "peer": true
    },
    "node_modules/loader-runner": {
      "version": "4.3.0",
      "dev": true,
      "license": "MIT",
      "peer": true,
      "engines": {
        "node": ">=6.11.5"
      }
    },
    "node_modules/local-pkg": {
      "version": "0.4.3",
      "dev": true,
      "license": "MIT",
      "engines": {
        "node": ">=14"
      },
      "funding": {
        "url": "https://github.com/sponsors/antfu"
      }
    },
    "node_modules/lodash": {
      "version": "4.17.21",
      "license": "MIT"
    },
    "node_modules/lodash-es": {
      "version": "4.17.21",
      "license": "MIT"
    },
    "node_modules/lodash-unified": {
      "version": "1.0.3",
      "license": "MIT",
      "peerDependencies": {
        "@types/lodash-es": "*",
        "lodash": "*",
        "lodash-es": "*"
      }
    },
    "node_modules/magic-string": {
      "version": "0.30.4",
      "license": "MIT",
      "dependencies": {
        "@jridgewell/sourcemap-codec": "^1.4.15"
      },
      "engines": {
        "node": ">=12"
      }
    },
    "node_modules/memoize-one": {
      "version": "6.0.0",
      "license": "MIT"
    },
    "node_modules/merge-stream": {
      "version": "2.0.0",
      "dev": true,
      "license": "MIT",
      "peer": true
    },
    "node_modules/merge2": {
      "version": "1.4.1",
      "dev": true,
      "license": "MIT",
      "engines": {
        "node": ">= 8"
      }
    },
    "node_modules/micromatch": {
      "version": "4.0.5",
      "dev": true,
      "license": "MIT",
      "dependencies": {
        "braces": "^3.0.2",
        "picomatch": "^2.3.1"
      },
      "engines": {
        "node": ">=8.6"
      }
    },
    "node_modules/mime-db": {
      "version": "1.52.0",
      "license": "MIT",
      "engines": {
        "node": ">= 0.6"
      }
    },
    "node_modules/mime-types": {
      "version": "2.1.35",
      "license": "MIT",
      "dependencies": {
        "mime-db": "1.52.0"
      },
      "engines": {
        "node": ">= 0.6"
      }
    },
    "node_modules/minimatch": {
      "version": "9.0.3",
      "dev": true,
      "license": "ISC",
      "dependencies": {
        "brace-expansion": "^2.0.1"
      },
      "engines": {
        "node": ">=16 || 14 >=14.17"
      },
      "funding": {
        "url": "https://github.com/sponsors/isaacs"
      }
    },
    "node_modules/ms": {
      "version": "2.1.2",
      "dev": true,
      "license": "MIT"
    },
    "node_modules/nanoid": {
      "version": "3.3.6",
      "funding": [
        {
          "type": "github",
          "url": "https://github.com/sponsors/ai"
        }
      ],
      "license": "MIT",
      "bin": {
        "nanoid": "bin/nanoid.cjs"
      },
      "engines": {
        "node": "^10 || ^12 || ^13.7 || ^14 || >=15.0.1"
      }
    },
    "node_modules/neo-async": {
      "version": "2.6.2",
      "dev": true,
      "license": "MIT"
    },
    "node_modules/node-releases": {
      "version": "2.0.13",
      "dev": true,
      "license": "MIT",
      "peer": true
    },
    "node_modules/normalize-path": {
      "version": "3.0.0",
      "dev": true,
      "license": "MIT",
      "engines": {
        "node": ">=0.10.0"
      }
    },
    "node_modules/normalize-wheel-es": {
      "version": "1.2.0",
      "license": "BSD-3-Clause"
    },
    "node_modules/path-parse": {
      "version": "1.0.7",
      "dev": true,
      "license": "MIT"
    },
    "node_modules/picocolors": {
      "version": "1.0.0",
      "license": "ISC"
    },
    "node_modules/picomatch": {
      "version": "2.3.1",
      "dev": true,
      "license": "MIT",
      "engines": {
        "node": ">=8.6"
      },
      "funding": {
        "url": "https://github.com/sponsors/jonschlinkert"
      }
    },
    "node_modules/pinia": {
      "version": "2.1.6",
      "license": "MIT",
      "dependencies": {
        "@vue/devtools-api": "^6.5.0",
        "vue-demi": ">=0.14.5"
      },
      "funding": {
        "url": "https://github.com/sponsors/posva"
      },
      "peerDependencies": {
        "@vue/composition-api": "^1.4.0",
        "typescript": ">=4.4.4",
        "vue": "^2.6.14 || ^3.3.0"
      },
      "peerDependenciesMeta": {
        "@vue/composition-api": {
          "optional": true
        },
        "typescript": {
          "optional": true
        }
      }
    },
    "node_modules/pinia/node_modules/vue-demi": {
      "version": "0.14.6",
      "hasInstallScript": true,
      "license": "MIT",
      "bin": {
        "vue-demi-fix": "bin/vue-demi-fix.js",
        "vue-demi-switch": "bin/vue-demi-switch.js"
      },
      "engines": {
        "node": ">=12"
      },
      "funding": {
        "url": "https://github.com/sponsors/antfu"
      },
      "peerDependencies": {
        "@vue/composition-api": "^1.0.0-rc.1",
        "vue": "^3.0.0-0 || ^2.6.0"
      },
      "peerDependenciesMeta": {
        "@vue/composition-api": {
          "optional": true
        }
      }
    },
    "node_modules/postcss": {
      "version": "8.4.31",
      "funding": [
        {
          "type": "opencollective",
          "url": "https://opencollective.com/postcss/"
        },
        {
          "type": "tidelift",
          "url": "https://tidelift.com/funding/github/npm/postcss"
        },
        {
          "type": "github",
          "url": "https://github.com/sponsors/ai"
        }
      ],
      "license": "MIT",
      "dependencies": {
        "nanoid": "^3.3.6",
        "picocolors": "^1.0.0",
        "source-map-js": "^1.0.2"
      },
      "engines": {
        "node": "^10 || ^12 || >=14"
      }
    },
    "node_modules/proxy-from-env": {
      "version": "1.1.0",
      "license": "MIT"
    },
    "node_modules/punycode": {
      "version": "2.3.0",
      "dev": true,
      "license": "MIT",
      "peer": true,
      "engines": {
        "node": ">=6"
      }
    },
    "node_modules/queue-microtask": {
      "version": "1.2.3",
      "dev": true,
      "funding": [
        {
          "type": "github",
          "url": "https://github.com/sponsors/feross"
        },
        {
          "type": "patreon",
          "url": "https://www.patreon.com/feross"
        },
        {
          "type": "consulting",
          "url": "https://feross.org/support"
        }
      ],
      "license": "MIT"
    },
    "node_modules/randombytes": {
      "version": "2.1.0",
      "dev": true,
      "license": "MIT",
      "peer": true,
      "dependencies": {
        "safe-buffer": "^5.1.0"
      }
    },
    "node_modules/readdirp": {
      "version": "3.6.0",
      "dev": true,
      "license": "MIT",
      "dependencies": {
        "picomatch": "^2.2.1"
      },
      "engines": {
        "node": ">=8.10.0"
      }
    },
    "node_modules/resolve": {
      "version": "1.22.8",
      "dev": true,
      "license": "MIT",
      "dependencies": {
        "is-core-module": "^2.13.0",
        "path-parse": "^1.0.7",
        "supports-preserve-symlinks-flag": "^1.0.0"
      },
      "bin": {
        "resolve": "bin/resolve"
      },
      "funding": {
        "url": "https://github.com/sponsors/ljharb"
      }
    },
    "node_modules/reusify": {
      "version": "1.0.4",
      "dev": true,
      "license": "MIT",
      "engines": {
        "iojs": ">=1.0.0",
        "node": ">=0.10.0"
      }
    },
    "node_modules/rollup": {
      "version": "3.29.4",
      "dev": true,
      "license": "MIT",
      "bin": {
        "rollup": "dist/bin/rollup"
      },
      "engines": {
        "node": ">=14.18.0",
        "npm": ">=8.0.0"
      },
      "optionalDependencies": {
        "fsevents": "~2.3.2"
      }
    },
    "node_modules/run-parallel": {
      "version": "1.2.0",
      "dev": true,
      "funding": [
        {
          "type": "github",
          "url": "https://github.com/sponsors/feross"
        },
        {
          "type": "patreon",
          "url": "https://www.patreon.com/feross"
        },
        {
          "type": "consulting",
          "url": "https://feross.org/support"
        }
      ],
      "license": "MIT",
      "dependencies": {
        "queue-microtask": "^1.2.2"
      }
    },
    "node_modules/safe-buffer": {
      "version": "5.2.1",
      "dev": true,
      "funding": [
        {
          "type": "github",
          "url": "https://github.com/sponsors/feross"
        },
        {
          "type": "patreon",
          "url": "https://www.patreon.com/feross"
        },
        {
          "type": "consulting",
          "url": "https://feross.org/support"
        }
      ],
      "license": "MIT",
      "peer": true
    },
    "node_modules/sass": {
      "version": "1.68.0",
      "dev": true,
      "license": "MIT",
      "dependencies": {
        "chokidar": ">=3.0.0 <4.0.0",
        "immutable": "^4.0.0",
        "source-map-js": ">=0.6.2 <2.0.0"
      },
      "bin": {
        "sass": "sass.js"
      },
      "engines": {
        "node": ">=14.0.0"
      }
    },
    "node_modules/sass-loader": {
      "version": "13.3.2",
      "dev": true,
      "license": "MIT",
      "dependencies": {
        "neo-async": "^2.6.2"
      },
      "engines": {
        "node": ">= 14.15.0"
      },
      "funding": {
        "type": "opencollective",
        "url": "https://opencollective.com/webpack"
      },
      "peerDependencies": {
        "fibers": ">= 3.1.0",
        "node-sass": "^4.0.0 || ^5.0.0 || ^6.0.0 || ^7.0.0 || ^8.0.0 || ^9.0.0",
        "sass": "^1.3.0",
        "sass-embedded": "*",
        "webpack": "^5.0.0"
      },
      "peerDependenciesMeta": {
        "fibers": {
          "optional": true
        },
        "node-sass": {
          "optional": true
        },
        "sass": {
          "optional": true
        },
        "sass-embedded": {
          "optional": true
        }
      }
    },
    "node_modules/schema-utils": {
      "version": "3.3.0",
      "dev": true,
      "license": "MIT",
      "peer": true,
      "dependencies": {
        "@types/json-schema": "^7.0.8",
        "ajv": "^6.12.5",
        "ajv-keywords": "^3.5.2"
      },
      "engines": {
        "node": ">= 10.13.0"
      },
      "funding": {
        "type": "opencollective",
        "url": "https://opencollective.com/webpack"
      }
    },
    "node_modules/serialize-javascript": {
      "version": "6.0.1",
      "dev": true,
      "license": "BSD-3-Clause",
      "peer": true,
      "dependencies": {
        "randombytes": "^2.1.0"
      }
    },
    "node_modules/source-map": {
      "version": "0.6.1",
      "dev": true,
      "license": "BSD-3-Clause",
      "peer": true,
      "engines": {
        "node": ">=0.10.0"
      }
    },
    "node_modules/source-map-js": {
      "version": "1.0.2",
      "license": "BSD-3-Clause",
      "engines": {
        "node": ">=0.10.0"
      }
    },
    "node_modules/source-map-support": {
      "version": "0.5.21",
      "dev": true,
      "license": "MIT",
      "peer": true,
      "dependencies": {
        "buffer-from": "^1.0.0",
        "source-map": "^0.6.0"
      }
    },
    "node_modules/supports-color": {
      "version": "8.1.1",
      "dev": true,
      "license": "MIT",
      "peer": true,
      "dependencies": {
        "has-flag": "^4.0.0"
      },
      "engines": {
        "node": ">=10"
      },
      "funding": {
        "url": "https://github.com/chalk/supports-color?sponsor=1"
      }
    },
    "node_modules/supports-preserve-symlinks-flag": {
      "version": "1.0.0",
      "dev": true,
      "license": "MIT",
      "engines": {
        "node": ">= 0.4"
      },
      "funding": {
        "url": "https://github.com/sponsors/ljharb"
      }
    },
    "node_modules/tapable": {
      "version": "2.2.1",
      "dev": true,
      "license": "MIT",
      "peer": true,
      "engines": {
        "node": ">=6"
      }
    },
    "node_modules/terser": {
      "version": "5.21.0",
      "dev": true,
      "license": "BSD-2-Clause",
      "peer": true,
      "dependencies": {
        "@jridgewell/source-map": "^0.3.3",
        "acorn": "^8.8.2",
        "commander": "^2.20.0",
        "source-map-support": "~0.5.20"
      },
      "bin": {
        "terser": "bin/terser"
      },
      "engines": {
        "node": ">=10"
      }
    },
    "node_modules/terser-webpack-plugin": {
      "version": "5.3.9",
      "dev": true,
      "license": "MIT",
      "peer": true,
      "dependencies": {
        "@jridgewell/trace-mapping": "^0.3.17",
        "jest-worker": "^27.4.5",
        "schema-utils": "^3.1.1",
        "serialize-javascript": "^6.0.1",
        "terser": "^5.16.8"
      },
      "engines": {
        "node": ">= 10.13.0"
      },
      "funding": {
        "type": "opencollective",
        "url": "https://opencollective.com/webpack"
      },
      "peerDependencies": {
        "webpack": "^5.1.0"
      },
      "peerDependenciesMeta": {
        "@swc/core": {
          "optional": true
        },
        "esbuild": {
          "optional": true
        },
        "uglify-js": {
          "optional": true
        }
      }
    },
    "node_modules/to-regex-range": {
      "version": "5.0.1",
      "dev": true,
      "license": "MIT",
      "dependencies": {
        "is-number": "^7.0.0"
      },
      "engines": {
        "node": ">=8.0"
      }
    },
    "node_modules/unplugin": {
      "version": "1.5.0",
      "dev": true,
      "license": "MIT",
      "dependencies": {
        "acorn": "^8.10.0",
        "chokidar": "^3.5.3",
        "webpack-sources": "^3.2.3",
        "webpack-virtual-modules": "^0.5.0"
      }
    },
    "node_modules/unplugin-vue-components": {
      "version": "0.25.2",
      "dev": true,
      "license": "MIT",
      "dependencies": {
        "@antfu/utils": "^0.7.5",
        "@rollup/pluginutils": "^5.0.2",
        "chokidar": "^3.5.3",
        "debug": "^4.3.4",
        "fast-glob": "^3.3.0",
        "local-pkg": "^0.4.3",
        "magic-string": "^0.30.1",
        "minimatch": "^9.0.3",
        "resolve": "^1.22.2",
        "unplugin": "^1.4.0"
      },
      "engines": {
        "node": ">=14"
      },
      "funding": {
        "url": "https://github.com/sponsors/antfu"
      },
      "peerDependencies": {
        "@babel/parser": "^7.15.8",
        "@nuxt/kit": "^3.2.2",
        "vue": "2 || 3"
      },
      "peerDependenciesMeta": {
        "@babel/parser": {
          "optional": true
        },
        "@nuxt/kit": {
          "optional": true
        }
      }
    },
    "node_modules/update-browserslist-db": {
      "version": "1.0.13",
      "dev": true,
      "funding": [
        {
          "type": "opencollective",
          "url": "https://opencollective.com/browserslist"
        },
        {
          "type": "tidelift",
          "url": "https://tidelift.com/funding/github/npm/browserslist"
        },
        {
          "type": "github",
          "url": "https://github.com/sponsors/ai"
        }
      ],
      "license": "MIT",
      "peer": true,
      "dependencies": {
        "escalade": "^3.1.1",
        "picocolors": "^1.0.0"
      },
      "bin": {
        "update-browserslist-db": "cli.js"
      },
      "peerDependencies": {
        "browserslist": ">= 4.21.0"
      }
    },
    "node_modules/uri-js": {
      "version": "4.4.1",
      "dev": true,
      "license": "BSD-2-Clause",
      "peer": true,
      "dependencies": {
        "punycode": "^2.1.0"
      }
    },
    "node_modules/vant": {
      "version": "4.7.2",
      "license": "MIT",
      "dependencies": {
        "@vant/popperjs": "^1.3.0",
        "@vant/use": "^1.6.0",
        "@vue/shared": "^3.0.0"
      },
      "peerDependencies": {
        "vue": "^3.0.0"
      }
    },
    "node_modules/vite": {
      "version": "4.4.10",
      "dev": true,
      "license": "MIT",
      "dependencies": {
        "esbuild": "^0.18.10",
        "postcss": "^8.4.27",
        "rollup": "^3.27.1"
      },
      "bin": {
        "vite": "bin/vite.js"
      },
      "engines": {
        "node": "^14.18.0 || >=16.0.0"
      },
      "funding": {
        "url": "https://github.com/vitejs/vite?sponsor=1"
      },
      "optionalDependencies": {
        "fsevents": "~2.3.2"
      },
      "peerDependencies": {
        "@types/node": ">= 14",
        "less": "*",
        "lightningcss": "^1.21.0",
        "sass": "*",
        "stylus": "*",
        "sugarss": "*",
        "terser": "^5.4.0"
      },
      "peerDependenciesMeta": {
        "@types/node": {
          "optional": true
        },
        "less": {
          "optional": true
        },
        "lightningcss": {
          "optional": true
        },
        "sass": {
          "optional": true
        },
        "stylus": {
          "optional": true
        },
        "sugarss": {
          "optional": true
        },
        "terser": {
          "optional": true
        }
      }
    },
    "node_modules/vue": {
      "version": "3.3.4",
      "license": "MIT",
      "dependencies": {
        "@vue/compiler-dom": "3.3.4",
        "@vue/compiler-sfc": "3.3.4",
        "@vue/runtime-dom": "3.3.4",
        "@vue/server-renderer": "3.3.4",
        "@vue/shared": "3.3.4"
      }
    },
    "node_modules/vue-router": {
      "version": "4.2.5",
      "license": "MIT",
      "dependencies": {
        "@vue/devtools-api": "^6.5.0"
      },
      "funding": {
        "url": "https://github.com/sponsors/posva"
      },
      "peerDependencies": {
        "vue": "^3.2.0"
      }
    },
    "node_modules/watchpack": {
      "version": "2.4.0",
      "dev": true,
      "license": "MIT",
      "peer": true,
      "dependencies": {
        "glob-to-regexp": "^0.4.1",
        "graceful-fs": "^4.1.2"
      },
      "engines": {
        "node": ">=10.13.0"
      }
    },
    "node_modules/webpack": {
      "version": "5.88.2",
      "dev": true,
      "license": "MIT",
      "peer": true,
      "dependencies": {
        "@types/eslint-scope": "^3.7.3",
        "@types/estree": "^1.0.0",
        "@webassemblyjs/ast": "^1.11.5",
        "@webassemblyjs/wasm-edit": "^1.11.5",
        "@webassemblyjs/wasm-parser": "^1.11.5",
        "acorn": "^8.7.1",
        "acorn-import-assertions": "^1.9.0",
        "browserslist": "^4.14.5",
        "chrome-trace-event": "^1.0.2",
        "enhanced-resolve": "^5.15.0",
        "es-module-lexer": "^1.2.1",
        "eslint-scope": "5.1.1",
        "events": "^3.2.0",
        "glob-to-regexp": "^0.4.1",
        "graceful-fs": "^4.2.9",
        "json-parse-even-better-errors": "^2.3.1",
        "loader-runner": "^4.2.0",
        "mime-types": "^2.1.27",
        "neo-async": "^2.6.2",
        "schema-utils": "^3.2.0",
        "tapable": "^2.1.1",
        "terser-webpack-plugin": "^5.3.7",
        "watchpack": "^2.4.0",
        "webpack-sources": "^3.2.3"
      },
      "bin": {
        "webpack": "bin/webpack.js"
      },
      "engines": {
        "node": ">=10.13.0"
      },
      "funding": {
        "type": "opencollective",
        "url": "https://opencollective.com/webpack"
      },
      "peerDependenciesMeta": {
        "webpack-cli": {
          "optional": true
        }
      }
    },
    "node_modules/webpack-sources": {
      "version": "3.2.3",
      "dev": true,
      "license": "MIT",
      "engines": {
        "node": ">=10.13.0"
      }
    },
    "node_modules/webpack-virtual-modules": {
      "version": "0.5.0",
      "dev": true,
      "license": "MIT"
    }
  }
}
